
Microsoft Visual Studio Solution File, Format Version 12.00
# Visual Studio Version 16
VisualStudioVersion = 16.0.30503.244
MinimumVisualStudioVersion = 10.0.40219.1
Project("{FAE04EC0-301F-11D3-BF4B-00C04F79EFBC}") = "Aula06_QualCombustivel", "Aula06_QualCombustivel\Aula06_QualCombustivel.csproj", "{C11946EE-7660-4FCA-961A-3772EE98923D}"
EndProject
Global
	GlobalSection(SolutionConfigurationPlatforms) = preSolution
		Debug|Any CPU = Debug|Any CPU
		Release|Any CPU = Release|Any CPU
	EndGlobalSection
	GlobalSection(ProjectConfigurationPlatforms) = postSolution
		{C11946EE-7660-4FCA-961A-3772EE98923D}.Debug|Any CPU.ActiveCfg = Debug|Any CPU
		{C11946EE-7660-4FCA-961A-3772EE98923D}.Debug|Any CPU.Build.0 = Debug|Any CPU
		{C11946EE-7660-4FCA-961A-3772EE98923D}.Release|Any CPU.ActiveCfg = Release|Any CPU
		{C11946EE-7660-4FCA-961A-3772EE98923D}.Release|Any CPU.Build.0 = Release|Any CPU
	EndGlobalSection
	GlobalSection(SolutionProperties) = preSolution
		HideSolutionNode = FALSE
	EndGlobalSection
	GlobalSection(ExtensibilityGlobals) = postSolution
		SolutionGuid = {D82E5259-B6BC-481E-9BD8-C2EAB62C94D0}
	EndGlobalSection
EndGlobal
